// !$*UTF8*$!
{
	archiveVersion = 1;
	classes = {
	};
	objectVersion = 77;
	objects = {

/* Begin PBXBuildFile section */
		216EB3C92F3CF6A700A54ED1 /* ContentView.swift in Sources */ = {isa = PBXBuildFile; fileRef = 216EB3C82F3CF6A700A54ED1 /* ContentView.swift */; };
		216EB3F42F3CF7FC00A54ED1 /* CharacterListViewModel.swift in Sources */ = {isa = PBXBuildFile; fileRef = 216EB3F32F3CF74D00A54ED1 /* CharacterListViewModel.swift */; };
		216EB3F52F3CF80E00A54ED1 /* NetworkService.swift in Sources */ = {isa = PBXBuildFile; fileRef = 216EB3F22F3CF73C00A54ED1 /* NetworkService.swift */; };
		216EB3F62F3CF81300A54ED1 /* Character.swift in Sources */ = {isa = PBXBuildFile; fileRef = 216EB3F12F3CF72B00A54ED1 /* Character.swift */; };
		21F32A212F3CFADD0074BDF3 /* CharacterDetailView.swift in Sources */ = {isa = PBXBuildFile; fileRef = 21F32A202F3CFAD80074BDF3 /* CharacterDetailView.swift */; };
		21F32A242F3CFDB10074BDF3 /* MultiverseData.xcdatamodeld in Sources */ = {isa = PBXBuildFile; fileRef = 21F32A222F3CFDB10074BDF3 /* MultiverseData.xcdatamodeld */; };
		21F32A262F3CFE8F0074BDF3 /* Persistence.swift in Sources */ = {isa = PBXBuildFile; fileRef = 21F32A252F3CFE8D0074BDF3 /* Persistence.swift */; };
		21F32A282F3CFFA60074BDF3 /* FavoritesView.swift in Sources */ = {isa = PBXBuildFile; fileRef = 21F32A272F3CFFA50074BDF3 /* FavoritesView.swift */; };
		21F32A302F3D1A7C0074BDF3 /* FirebaseAuth in Frameworks */ = {isa = PBXBuildFile; productRef = 21F32A2F2F3D1A7C0074BDF3 /* FirebaseAuth */; };
		21F32A322F3D1A850074BDF3 /* FirebaseCore in Frameworks */ = {isa = PBXBuildFile; productRef = 21F32A312F3D1A850074BDF3 /* FirebaseCore */; };
		21F32A342F3D1B790074BDF3 /* LoginView.swift in Sources */ = {isa = PBXBuildFile; fileRef = 21F32A332F3D1B780074BDF3 /* LoginView.swift */; };
		21F32A362F3D1C3A0074BDF3 /* ProfileView.swift in Sources */ = {isa = PBXBuildFile; fileRef = 21F32A352F3D1C390074BDF3 /* ProfileView.swift */; };
		21F32A382F3D22010074BDF3 /* EditCharacterView.swift in Sources */ = {isa = PBXBuildFile; fileRef = 21F32A372F3D21FF0074BDF3 /* EditCharacterView.swift */; };
		21F32A4C2F3D2A0A0074BDF3 /* NetworkMonitor.swift in Sources */ = {isa = PBXBuildFile; fileRef = 21F32A4B2F3D2A070074BDF3 /* NetworkMonitor.swift */; };
		21F32A502F3DC5510074BDF3 /* FavoriteDetailView.swift in Sources */ = {isa = PBXBuildFile; fileRef = 21F32A4F2F3DC54F0074BDF3 /* FavoriteDetailView.swift */; };
		21F32A522F3DC5D30074BDF3 /* InfoRow.swift in Sources */ = {isa = PBXBuildFile; fileRef = 21F32A512F3DC5D10074BDF3 /* InfoRow.swift */; };
		21F32A532F3DC60E0074BDF3 /* StoryGenerator.swift in Sources */ = {isa = PBXBuildFile; fileRef = 21F32A4E2F3DC3910074BDF3 /* StoryGenerator.swift */; };
		21F32A552F3DC9920074BDF3 /* Logger+Extension.swift in Sources */ = {isa = PBXBuildFile; fileRef = 21F32A542F3DC9910074BDF3 /* Logger+Extension.swift */; };
		21F32A5A2F3DCE640074BDF3 /* README.md in Sources */ = {isa = PBXBuildFile; fileRef = 21F32A592F3DCE610074BDF3 /* README.md */; };
/* End PBXBuildFile section */

/* Begin PBXContainerItemProxy section */
		216EB3D12F3CF6AA00A54ED1 /* PBXContainerItemProxy */ = {
			isa = PBXContainerItemProxy;
			containerPortal = 216EB3BB2F3CF6A700A54ED1 /* Project object */;
			proxyType = 1;
			remoteGlobalIDString = 216EB3C22F3CF6A700A54ED1;
			remoteInfo = MultiverseWiki;
		};
		216EB3DB2F3CF6AA00A54ED1 /* PBXContainerItemProxy */ = {
			isa = PBXContainerItemProxy;
			containerPortal = 216EB3BB2F3CF6A700A54ED1 /* Project object */;
			proxyType = 1;
			remoteGlobalIDString = 216EB3C22F3CF6A700A54ED1;
			remoteInfo = MultiverseWiki;
		};
/* End PBXContainerItemProxy section */

/* Begin PBXFileReference section */
		216EB3C32F3CF6A700A54ED1 /* MultiverseWiki.app */ = {isa = PBXFileReference; explicitFileType = wrapper.application; includeInIndex = 0; path = MultiverseWiki.app; sourceTree = BUILT_PRODUCTS_DIR; };
		216EB3C82F3CF6A700A54ED1 /* ContentView.swift */ = {isa = PBXFileReference; lastKnownFileType = sourcecode.swift; path = ContentView.swift; sourceTree = "<group>"; };
		216EB3D02F3CF6AA00A54ED1 /* MultiverseWikiTests.xctest */ = {isa = PBXFileReference; explicitFileType = wrapper.cfbundle; includeInIndex = 0; path = MultiverseWikiTests.xctest; sourceTree = BUILT_PRODUCTS_DIR; };
		216EB3DA2F3CF6AA00A54ED1 /* MultiverseWikiUITests.xctest */ = {isa = PBXFileReference; explicitFileType = wrapper.cfbundle; includeInIndex = 0; path = MultiverseWikiUITests.xctest; sourceTree = BUILT_PRODUCTS_DIR; };
		216EB3F12F3CF72B00A54ED1 /* Character.swift */ = {isa = PBXFileReference; lastKnownFileType = sourcecode.swift; path = Character.swift; sourceTree = "<group>"; };
		216EB3F22F3CF73C00A54ED1 /* NetworkService.swift */ = {isa = PBXFileReference; lastKnownFileType = sourcecode.swift; path = NetworkService.swift; sourceTree = "<group>"; };
		216EB3F32F3CF74D00A54ED1 /* CharacterListViewModel.swift */ = {isa = PBXFileReference; lastKnownFileType = sourcecode.swift; path = CharacterListViewModel.swift; sourceTree = "<group>"; };
		21F32A202F3CFAD80074BDF3 /* CharacterDetailView.swift */ = {isa = PBXFileReference; lastKnownFileType = sourcecode.swift; path = CharacterDetailView.swift; sourceTree = "<group>"; };
		21F32A232F3CFDB10074BDF3 /* MultiverseData.xcdatamodel */ = {isa = PBXFileReference; lastKnownFileType = wrapper.xcdatamodel; path = MultiverseData.xcdatamodel; sourceTree = "<group>"; };
		21F32A252F3CFE8D0074BDF3 /* Persistence.swift */ = {isa = PBXFileReference; lastKnownFileType = sourcecode.swift; path = Persistence.swift; sourceTree = "<group>"; };
		21F32A272F3CFFA50074BDF3 /* FavoritesView.swift */ = {isa = PBXFileReference; lastKnownFileType = sourcecode.swift; path = FavoritesView.swift; sourceTree = "<group>"; };
		21F32A332F3D1B780074BDF3 /* LoginView.swift */ = {isa = PBXFileReference; lastKnownFileType = sourcecode.swift; path = LoginView.swift; sourceTree = "<group>"; };
		21F32A352F3D1C390074BDF3 /* ProfileView.swift */ = {isa = PBXFileReference; lastKnownFileType = sourcecode.swift; path = ProfileView.swift; sourceTree = "<group>"; };
		21F32A372F3D21FF0074BDF3 /* EditCharacterView.swift */ = {isa = PBXFileReference; lastKnownFileType = sourcecode.swift; path = EditCharacterView.swift; sourceTree = "<group>"; };
		21F32A4B2F3D2A070074BDF3 /* NetworkMonitor.swift */ = {isa = PBXFileReference; lastKnownFileType = sourcecode.swift; path = NetworkMonitor.swift; sourceTree = "<group>"; };
		21F32A4E2F3DC3910074BDF3 /* StoryGenerator.swift */ = {isa = PBXFileReference; lastKnownFileType = sourcecode.swift; path = StoryGenerator.swift; sourceTree = "<group>"; };
		21F32A4F2F3DC54F0074BDF3 /* FavoriteDetailView.swift */ = {isa = PBXFileReference; lastKnownFileType = sourcecode.swift; path = FavoriteDetailView.swift; sourceTree = "<group>"; };
		21F32A512F3DC5D10074BDF3 /* InfoRow.swift */ = {isa = PBXFileReference; lastKnownFileType = sourcecode.swift; path = InfoRow.swift; sourceTree = "<group>"; };
		21F32A542F3DC9910074BDF3 /* Logger+Extension.swift */ = {isa = PBXFileReference; lastKnownFileType = sourcecode.swift; path = "Logger+Extension.swift"; sourceTree = "<group>"; };
		21F32A572F3DCE290074BDF3 /* ARCHITECTURE.md */ = {isa = PBXFileReference; lastKnownFileType = net.daringfireball.markdown; path = ARCHITECTURE.md; sourceTree = "<group>"; };
		21F32A582F3DCE480074BDF3 /* RELEASE_NOTES.md */ = {isa = PBXFileReference; lastKnownFileType = net.daringfireball.markdown; path = RELEASE_NOTES.md; sourceTree = "<group>"; };
		21F32A592F3DCE610074BDF3 /* README.md */ = {isa = PBXFileReference; lastKnownFileType = sourcecode.swift; path = README.md; sourceTree = "<group>"; };
		21F32A5B2F3DCEC90074BDF3 /* QA_LOG.md */ = {isa = PBXFileReference; lastKnownFileType = net.daringfireball.markdown; path = QA_LOG.md; sourceTree = "<group>"; };
		21F32A5C2F3DCEE20074BDF3 /* RELEASE_CHECKLIST.md */ = {isa = PBXFileReference; lastKnownFileType = net.daringfireball.markdown; path = RELEASE_CHECKLIST.md; sourceTree = "<group>"; };
		21F32A5E2F3DCF140074BDF3 /* STORE_LISTING.md */ = {isa = PBXFileReference; lastKnownFileType = net.daringfireball.markdown; path = STORE_LISTING.md; sourceTree = "<group>"; };
/* End PBXFileReference section */

/* Begin PBXFileSystemSynchronizedRootGroup section */
		216EB3C52F3CF6A700A54ED1 /* MultiverseWiki */ = {
			isa = PBXFileSystemSynchronizedRootGroup;
			path = MultiverseWiki;
			sourceTree = "<group>";
		};
		216EB3D32F3CF6AA00A54ED1 /* MultiverseWikiTests */ = {
			isa = PBXFileSystemSynchronizedRootGroup;
			path = MultiverseWikiTests;
			sourceTree = "<group>";
		};
/* End PBXFileSystemSynchronizedRootGroup section */

/* Begin PBXFrameworksBuildPhase section */
		216EB3C02F3CF6A700A54ED1 /* Frameworks */ = {
			isa = PBXFrameworksBuildPhase;
			buildActionMask = 2147483647;
			files = (
				21F32A322F3D1A850074BDF3 /* FirebaseCore in Frameworks */,
				21F32A302F3D1A7C0074BDF3 /* FirebaseAuth in Frameworks */,
			);
			runOnlyForDeploymentPostprocessing = 0;
		};
		216EB3CD2F3CF6AA00A54ED1 /* Frameworks */ = {
			isa = PBXFrameworksBuildPhase;
			buildActionMask = 2147483647;
			files = (
			);
			runOnlyForDeploymentPostprocessing = 0;
		};
		216EB3D72F3CF6AA00A54ED1 /* Frameworks */ = {
			isa = PBXFrameworksBuildPhase;
			buildActionMask = 2147483647;
			files = (
			);
			runOnlyForDeploymentPostprocessing = 0;
		};
/* End PBXFrameworksBuildPhase section */

/* Begin PBXGroup section */
		216EB3BA2F3CF6A700A54ED1 = {
			isa = PBXGroup;
			children = (
				21F32A592F3DCE610074BDF3 /* README.md */,
				21F32A562F3DCE1D0074BDF3 /* docs */,
				21F32A4D2F3DC3890074BDF3 /* Helpers */,
				21F32A222F3CFDB10074BDF3 /* MultiverseData.xcdatamodeld */,
				216EB3F02F3CF71700A54ED1 /* Views */,
				216EB3EF2F3CF71000A54ED1 /* ViewModels */,
				216EB3EE2F3CF70800A54ED1 /* Services */,
				216EB3ED2F3CF6F900A54ED1 /* Models */,
				216EB3C52F3CF6A700A54ED1 /* MultiverseWiki */,
				216EB3D32F3CF6AA00A54ED1 /* MultiverseWikiTests */,
				21F32A2E2F3D1A7C0074BDF3 /* Frameworks */,
				216EB3C42F3CF6A700A54ED1 /* Products */,
			);
			sourceTree = "<group>";
		};
		216EB3C42F3CF6A700A54ED1 /* Products */ = {
			isa = PBXGroup;
			children = (
				216EB3C32F3CF6A700A54ED1 /* MultiverseWiki.app */,
				216EB3D02F3CF6AA00A54ED1 /* MultiverseWikiTests.xctest */,
				216EB3DA2F3CF6AA00A54ED1 /* MultiverseWikiUITests.xctest */,
			);
			name = Products;
			sourceTree = "<group>";
		};
		216EB3ED2F3CF6F900A54ED1 /* Models */ = {
			isa = PBXGroup;
			children = (
				216EB3F12F3CF72B00A54ED1 /* Character.swift */,
			);
			path = Models;
			sourceTree = "<group>";
		};
		216EB3EE2F3CF70800A54ED1 /* Services */ = {
			isa = PBXGroup;
			children = (
				21F32A252F3CFE8D0074BDF3 /* Persistence.swift */,
				216EB3F22F3CF73C00A54ED1 /* NetworkService.swift */,
				21F32A4B2F3D2A070074BDF3 /* NetworkMonitor.swift */,
			);
			path = Services;
			sourceTree = "<group>";
		};
		216EB3EF2F3CF71000A54ED1 /* ViewModels */ = {
			isa = PBXGroup;
			children = (
				216EB3F32F3CF74D00A54ED1 /* CharacterListViewModel.swift */,
			);
			path = ViewModels;
			sourceTree = "<group>";
		};
		216EB3F02F3CF71700A54ED1 /* Views */ = {
			isa = PBXGroup;
			children = (
				21F32A512F3DC5D10074BDF3 /* InfoRow.swift */,
				21F32A4F2F3DC54F0074BDF3 /* FavoriteDetailView.swift */,
				21F32A372F3D21FF0074BDF3 /* EditCharacterView.swift */,
				21F32A352F3D1C390074BDF3 /* ProfileView.swift */,
				21F32A332F3D1B780074BDF3 /* LoginView.swift */,
				21F32A272F3CFFA50074BDF3 /* FavoritesView.swift */,
				21F32A202F3CFAD80074BDF3 /* CharacterDetailView.swift */,
				216EB3C82F3CF6A700A54ED1 /* ContentView.swift */,
			);
			path = Views;
			sourceTree = "<group>";
		};
		21F32A2E2F3D1A7C0074BDF3 /* Frameworks */ = {
			isa = PBXGroup;
			children = (
			);
			name = Frameworks;
			sourceTree = "<group>";
		};
		21F32A4D2F3DC3890074BDF3 /* Helpers */ = {
			isa = PBXGroup;
			children = (
				21F32A542F3DC9910074BDF3 /* Logger+Extension.swift */,
				21F32A4E2F3DC3910074BDF3 /* StoryGenerator.swift */,
			);
			path = Helpers;
			sourceTree = "<group>";
		};
		21F32A562F3DCE1D0074BDF3 /* docs */ = {
			isa = PBXGroup;
			children = (
				21F32A5E2F3DCF140074BDF3 /* STORE_LISTING.md */,
				21F32A5C2F3DCEE20074BDF3 /* RELEASE_CHECKLIST.md */,
				21F32A5B2F3DCEC90074BDF3 /* QA_LOG.md */,
				21F32A582F3DCE480074BDF3 /* RELEASE_NOTES.md */,
				21F32A572F3DCE290074BDF3 /* ARCHITECTURE.md */,
			);
			path = docs;
			sourceTree = "<group>";
		};
/* End PBXGroup section */

/* Begin PBXNativeTarget section */
		216EB3C22F3CF6A700A54ED1 /* MultiverseWiki */ = {
			isa = PBXNativeTarget;
			buildConfigurationList = 216EB3E42F3CF6AA00A54ED1 /* Build configuration list for PBXNativeTarget "MultiverseWiki" */;
			buildPhases = (
				216EB3BF2F3CF6A700A54ED1 /* Sources */,
				216EB3C02F3CF6A700A54ED1 /* Frameworks */,
				216EB3C12F3CF6A700A54ED1 /* Resources */,
			);
			buildRules = (
			);
			dependencies = (
			);
			fileSystemSynchronizedGroups = (
				216EB3C52F3CF6A700A54ED1 /* MultiverseWiki */,
			);
			name = MultiverseWiki;
			packageProductDependencies = (
				21F32A2F2F3D1A7C0074BDF3 /* FirebaseAuth */,
				21F32A312F3D1A850074BDF3 /* FirebaseCore */,
			);
			productName = MultiverseWiki;
			productReference = 216EB3C32F3CF6A700A54ED1 /* MultiverseWiki.app */;
			productType = "com.apple.product-type.application";
		};
		216EB3CF2F3CF6AA00A54ED1 /* MultiverseWikiTests */ = {
			isa = PBXNativeTarget;
			buildConfigurationList = 216EB3E72F3CF6AA00A54ED1 /* Build configuration list for PBXNativeTarget "MultiverseWikiTests" */;
			buildPhases = (
				216EB3CC2F3CF6AA00A54ED1 /* Sources */,
				216EB3CD2F3CF6AA00A54ED1 /* Frameworks */,
				216EB3CE2F3CF6AA00A54ED1 /* Resources */,
			);
			buildRules = (
			);
			dependencies = (
				216EB3D22F3CF6AA00A54ED1 /* PBXTargetDependency */,
			);
			fileSystemSynchronizedGroups = (
				216EB3D32F3CF6AA00A54ED1 /* MultiverseWikiTests */,
			);
			name = MultiverseWikiTests;
			packageProductDependencies = (
			);
			productName = MultiverseWikiTests;
			productReference = 216EB3D02F3CF6AA00A54ED1 /* MultiverseWikiTests.xctest */;
			productType = "com.apple.product-type.bundle.unit-test";
		};
		216EB3D92F3CF6AA00A54ED1 /* MultiverseWikiUITests */ = {
			isa = PBXNativeTarget;
			buildConfigurationList = 216EB3EA2F3CF6AA00A54ED1 /* Build configuration list for PBXNativeTarget "MultiverseWikiUITests" */;
			buildPhases = (
				216EB3D62F3CF6AA00A54ED1 /* Sources */,
				216EB3D72F3CF6AA00A54ED1 /* Frameworks */,
				216EB3D82F3CF6AA00A54ED1 /* Resources */,
			);
			buildRules = (
			);
			dependencies = (
				216EB3DC2F3CF6AA00A54ED1 /* PBXTargetDependency */,
			);
			name = MultiverseWikiUITests;
			packageProductDependencies = (
			);
			productName = MultiverseWikiUITests;
			productReference = 216EB3DA2F3CF6AA00A54ED1 /* MultiverseWikiUITests.xctest */;
			productType = "com.apple.product-type.bundle.ui-testing";
		};
/* End PBXNativeTarget section */

/* Begin PBXProject section */
		216EB3BB2F3CF6A700A54ED1 /* Project object */ = {
			isa = PBXProject;
			attributes = {
				BuildIndependentTargetsInParallel = 1;
				LastSwiftUpdateCheck = 2620;
				LastUpgradeCheck = 2620;
				TargetAttributes = {
					216EB3C22F3CF6A700A54ED1 = {
						CreatedOnToolsVersion = 26.2;
					};
					216EB3CF2F3CF6AA00A54ED1 = {
						CreatedOnToolsVersion = 26.2;
						TestTargetID = 216EB3C22F3CF6A700A54ED1;
					};
					216EB3D92F3CF6AA00A54ED1 = {
						CreatedOnToolsVersion = 26.2;
						TestTargetID = 216EB3C22F3CF6A700A54ED1;
					};
				};
			};
			buildConfigurationList = 216EB3BE2F3CF6A700A54ED1 /* Build configuration list for PBXProject "MultiverseWiki" */;
			developmentRegion = en;
			hasScannedForEncodings = 0;
			knownRegions = (
				en,
				Base,
			);
			mainGroup = 216EB3BA2F3CF6A700A54ED1;
			minimizedProjectReferenceProxies = 1;
			packageReferences = (
				21F32A2D2F3D19700074BDF3 /* XCRemoteSwiftPackageReference "firebase-ios-sdk" */,
			);
			preferredProjectObjectVersion = 77;
			productRefGroup = 216EB3C42F3CF6A700A54ED1 /* Products */;
			projectDirPath = "";
			projectRoot = "";
			targets = (
				216EB3C22F3CF6A700A54ED1 /* MultiverseWiki */,
				216EB3CF2F3CF6AA00A54ED1 /* MultiverseWikiTests */,
				216EB3D92F3CF6AA00A54ED1 /* MultiverseWikiUITests */,
			);
		};
/* End PBXProject section */

/* Begin PBXResourcesBuildPhase section */
		216EB3C12F3CF6A700A54ED1 /* Resources */ = {
			isa = PBXResourcesBuildPhase;
			buildActionMask = 2147483647;
			files = (
			);
			runOnlyForDeploymentPostprocessing = 0;
		};
		216EB3CE2F3CF6AA00A54ED1 /* Resources */ = {
			isa = PBXResourcesBuildPhase;
			buildActionMask = 2147483647;
			files = (
			);
			runOnlyForDeploymentPostprocessing = 0;
		};
		216EB3D82F3CF6AA00A54ED1 /* Resources */ = {
			isa = PBXResourcesBuildPhase;
			buildActionMask = 2147483647;
			files = (
			);
			runOnlyForDeploymentPostprocessing = 0;
		};
/* End PBXResourcesBuildPhase section */

/* Begin PBXSourcesBuildPhase section */
		216EB3BF2F3CF6A700A54ED1 /* Sources */ = {
			isa = PBXSourcesBuildPhase;
			buildActionMask = 2147483647;
			files = (
				21F32A242F3CFDB10074BDF3 /* MultiverseData.xcdatamodeld in Sources */,
				21F32A502F3DC5510074BDF3 /* FavoriteDetailView.swift in Sources */,
				21F32A262F3CFE8F0074BDF3 /* Persistence.swift in Sources */,
				216EB3C92F3CF6A700A54ED1 /* ContentView.swift in Sources */,
				21F32A382F3D22010074BDF3 /* EditCharacterView.swift in Sources */,
				216EB3F42F3CF7FC00A54ED1 /* CharacterListViewModel.swift in Sources */,
				21F32A5A2F3DCE640074BDF3 /* README.md in Sources */,
				21F32A212F3CFADD0074BDF3 /* CharacterDetailView.swift in Sources */,
				21F32A532F3DC60E0074BDF3 /* StoryGenerator.swift in Sources */,
				216EB3F62F3CF81300A54ED1 /* Character.swift in Sources */,
				216EB3F52F3CF80E00A54ED1 /* NetworkService.swift in Sources */,
				21F32A4C2F3D2A0A0074BDF3 /* NetworkMonitor.swift in Sources */,
				21F32A342F3D1B790074BDF3 /* LoginView.swift in Sources */,
				21F32A362F3D1C3A0074BDF3 /* ProfileView.swift in Sources */,
				21F32A552F3DC9920074BDF3 /* Logger+Extension.swift in Sources */,
				21F32A282F3CFFA60074BDF3 /* FavoritesView.swift in Sources */,
				21F32A522F3DC5D30074BDF3 /* InfoRow.swift in Sources */,
			);
			runOnlyForDeploymentPostprocessing = 0;
		};
		216EB3CC2F3CF6AA00A54ED1 /* Sources */ = {
			isa = PBXSourcesBuildPhase;
			buildActionMask = 2147483647;
			files = (
			);
			runOnlyForDeploymentPostprocessing = 0;
		};
		216EB3D62F3CF6AA00A54ED1 /* Sources */ = {
			isa = PBXSourcesBuildPhase;
			buildActionMask = 2147483647;
			files = (
			);
			runOnlyForDeploymentPostprocessing = 0;
		};
/* End PBXSourcesBuildPhase section */

/* Begin PBXTargetDependency section */
		216EB3D22F3CF6AA00A54ED1 /* PBXTargetDependency */ = {
			isa = PBXTargetDependency;
			target = 216EB3C22F3CF6A700A54ED1 /* MultiverseWiki */;
			targetProxy = 216EB3D12F3CF6AA00A54ED1 /* PBXContainerItemProxy */;
		};
		216EB3DC2F3CF6AA00A54ED1 /* PBXTargetDependency */ = {
			isa = PBXTargetDependency;
			target = 216EB3C22F3CF6A700A54ED1 /* MultiverseWiki */;
			targetProxy = 216EB3DB2F3CF6AA00A54ED1 /* PBXContainerItemProxy */;
		};
/* End PBXTargetDependency section */

/* Begin XCBuildConfiguration section */
		216EB3E22F3CF6AA00A54ED1 /* Debug */ = {
			isa = XCBuildConfiguration;
			buildSettings = {
				ALWAYS_SEARCH_USER_PATHS = NO;
				ASSETCATALOG_COMPILER_GENERATE_SWIFT_ASSET_SYMBOL_EXTENSIONS = YES;
				CLANG_ANALYZER_NONNULL = YES;
				CLANG_ANALYZER_NUMBER_OBJECT_CONVERSION = YES_AGGRESSIVE;
				CLANG_CXX_LANGUAGE_STANDARD = "gnu++20";
				CLANG_ENABLE_MODULES = YES;
				CLANG_ENABLE_OBJC_ARC = YES;
				CLANG_ENABLE_OBJC_WEAK = YES;
				CLANG_WARN_BLOCK_CAPTURE_AUTORELEASING = YES;
				CLANG_WARN_BOOL_CONVERSION = YES;
				CLANG_WARN_COMMA = YES;
				CLANG_WARN_CONSTANT_CONVERSION = YES;
				CLANG_WARN_DEPRECATED_OBJC_IMPLEMENTATIONS = YES;
				CLANG_WARN_DIRECT_OBJC_ISA_USAGE = YES_ERROR;
				CLANG_WARN_DOCUMENTATION_COMMENTS = YES;
				CLANG_WARN_EMPTY_BODY = YES;
				CLANG_WARN_ENUM_CONVERSION = YES;
				CLANG_WARN_INFINITE_RECURSION = YES;
				CLANG_WARN_INT_CONVERSION = YES;
				CLANG_WARN_NON_LITERAL_NULL_CONVERSION = YES;
				CLANG_WARN_OBJC_IMPLICIT_RETAIN_SELF = YES;
				CLANG_WARN_OBJC_LITERAL_CONVERSION = YES;
				CLANG_WARN_OBJC_ROOT_CLASS = YES_ERROR;
				CLANG_WARN_QUOTED_INCLUDE_IN_FRAMEWORK_HEADER = YES;
				CLANG_WARN_RANGE_LOOP_ANALYSIS = YES;
				CLANG_WARN_STRICT_PROTOTYPES = YES;
				CLANG_WARN_SUSPICIOUS_MOVE = YES;
				CLANG_WARN_UNGUARDED_AVAILABILITY = YES_AGGRESSIVE;
				CLANG_WARN_UNREACHABLE_CODE = YES;
				CLANG_WARN__DUPLICATE_METHOD_MATCH = YES;
				COPY_PHASE_STRIP = NO;
				DEBUG_INFORMATION_FORMAT = dwarf;
				ENABLE_STRICT_OBJC_MSGSEND = YES;
				ENABLE_TESTABILITY = YES;
				ENABLE_USER_SCRIPT_SANDBOXING = YES;
				GCC_C_LANGUAGE_STANDARD = gnu17;
				GCC_DYNAMIC_NO_PIC = NO;
				GCC_NO_COMMON_BLOCKS = YES;
				GCC_OPTIMIZATION_LEVEL = 0;
				GCC_PREPROCESSOR_DEFINITIONS = (
					"DEBUG=1",
					"$(inherited)",
				);
				GCC_WARN_64_TO_32_BIT_CONVERSION = YES;
				GCC_WARN_ABOUT_RETURN_TYPE = YES_ERROR;
				GCC_WARN_UNDECLARED_SELECTOR = YES;
				GCC_WARN_UNINITIALIZED_AUTOS = YES_AGGRESSIVE;
				GCC_WARN_UNUSED_FUNCTION = YES;
				GCC_WARN_UNUSED_VARIABLE = YES;
				IPHONEOS_DEPLOYMENT_TARGET = 26.2;
				LOCALIZATION_PREFERS_STRING_CATALOGS = YES;
				MTL_ENABLE_DEBUG_INFO = INCLUDE_SOURCE;
				MTL_FAST_MATH = YES;
				ONLY_ACTIVE_ARCH = YES;
				SDKROOT = iphoneos;
				SWIFT_ACTIVE_COMPILATION_CONDITIONS = "DEBUG $(inherited)";
				SWIFT_OPTIMIZATION_LEVEL = "-Onone";
			};
			name = Debug;
		};
		216EB3E32F3CF6AA00A54ED1 /* Release */ = {
			isa = XCBuildConfiguration;
			buildSettings = {
				ALWAYS_SEARCH_USER_PATHS = NO;
				ASSETCATALOG_COMPILER_GENERATE_SWIFT_ASSET_SYMBOL_EXTENSIONS = YES;
				CLANG_ANALYZER_NONNULL = YES;
				CLANG_ANALYZER_NUMBER_OBJECT_CONVERSION = YES_AGGRESSIVE;
				CLANG_CXX_LANGUAGE_STANDARD = "gnu++20";
				CLANG_ENABLE_MODULES = YES;
				CLANG_ENABLE_OBJC_ARC = YES;
				CLANG_ENABLE_OBJC_WEAK = YES;
				CLANG_WARN_BLOCK_CAPTURE_AUTORELEASING = YES;
				CLANG_WARN_BOOL_CONVERSION = YES;
				CLANG_WARN_COMMA = YES;
				CLANG_WARN_CONSTANT_CONVERSION = YES;
				CLANG_WARN_DEPRECATED_OBJC_IMPLEMENTATIONS = YES;
				CLANG_WARN_DIRECT_OBJC_ISA_USAGE = YES_ERROR;
				CLANG_WARN_DOCUMENTATION_COMMENTS = YES;
				CLANG_WARN_EMPTY_BODY = YES;
				CLANG_WARN_ENUM_CONVERSION = YES;
				CLANG_WARN_INFINITE_RECURSION = YES;
				CLANG_WARN_INT_CONVERSION = YES;
				CLANG_WARN_NON_LITERAL_NULL_CONVERSION = YES;
				CLANG_WARN_OBJC_IMPLICIT_RETAIN_SELF = YES;
				CLANG_WARN_OBJC_LITERAL_CONVERSION = YES;
				CLANG_WARN_OBJC_ROOT_CLASS = YES_ERROR;
				CLANG_WARN_QUOTED_INCLUDE_IN_FRAMEWORK_HEADER = YES;
				CLANG_WARN_RANGE_LOOP_ANALYSIS = YES;
				CLANG_WARN_STRICT_PROTOTYPES = YES;
				CLANG_WARN_SUSPICIOUS_MOVE = YES;
				CLANG_WARN_UNGUARDED_AVAILABILITY = YES_AGGRESSIVE;
				CLANG_WARN_UNREACHABLE_CODE = YES;
				CLANG_WARN__DUPLICATE_METHOD_MATCH = YES;
				COPY_PHASE_STRIP = NO;
				DEBUG_INFORMATION_FORMAT = "dwarf-with-dsym";
				ENABLE_NS_ASSERTIONS = NO;
				ENABLE_STRICT_OBJC_MSGSEND = YES;
				ENABLE_USER_SCRIPT_SANDBOXING = YES;
				GCC_C_LANGUAGE_STANDARD = gnu17;
				GCC_NO_COMMON_BLOCKS = YES;
				GCC_WARN_64_TO_32_BIT_CONVERSION = YES;
				GCC_WARN_ABOUT_RETURN_TYPE = YES_ERROR;
				GCC_WARN_UNDECLARED_SELECTOR = YES;
				GCC_WARN_UNINITIALIZED_AUTOS = YES_AGGRESSIVE;
				GCC_WARN_UNUSED_FUNCTION = YES;
				GCC_WARN_UNUSED_VARIABLE = YES;
				IPHONEOS_DEPLOYMENT_TARGET = 26.2;
				LOCALIZATION_PREFERS_STRING_CATALOGS = YES;
				MTL_ENABLE_DEBUG_INFO = NO;
				MTL_FAST_MATH = YES;
				SDKROOT = iphoneos;
				SWIFT_COMPILATION_MODE = wholemodule;
				VALIDATE_PRODUCT = YES;
			};
			name = Release;
		};
		216EB3E52F3CF6AA00A54ED1 /* Debug */ = {
			isa = XCBuildConfiguration;
			buildSettings = {
				ASSETCATALOG_COMPILER_APPICON_NAME = AppIcon;
				ASSETCATALOG_COMPILER_GLOBAL_ACCENT_COLOR_NAME = AccentColor;
				CODE_SIGN_STYLE = Automatic;
				CURRENT_PROJECT_VERSION = 1;
				ENABLE_PREVIEWS = YES;
				GENERATE_INFOPLIST_FILE = YES;
				INFOPLIST_KEY_UIApplicationSceneManifest_Generation = YES;
				INFOPLIST_KEY_UIApplicationSupportsIndirectInputEvents = YES;
				INFOPLIST_KEY_UILaunchScreen_Generation = YES;
				INFOPLIST_KEY_UISupportedInterfaceOrientations_iPad = "UIInterfaceOrientationPortrait UIInterfaceOrientationPortraitUpsideDown UIInterfaceOrientationLandscapeLeft UIInterfaceOrientationLandscapeRight";
				INFOPLIST_KEY_UISupportedInterfaceOrientations_iPhone = "UIInterfaceOrientationPortrait UIInterfaceOrientationLandscapeLeft UIInterfaceOrientationLandscapeRight";
				LD_RUNPATH_SEARCH_PATHS = (
					"$(inherited)",
					"@executable_path/Frameworks",
				);
				MARKETING_VERSION = 1.0;
				PRODUCT_BUNDLE_IDENTIFIER = com.Alizhka.MultiverseWiki;
				PRODUCT_NAME = "$(TARGET_NAME)";
				STRING_CATALOG_GENERATE_SYMBOLS = YES;
				SWIFT_APPROACHABLE_CONCURRENCY = YES;
				SWIFT_DEFAULT_ACTOR_ISOLATION = MainActor;
				SWIFT_EMIT_LOC_STRINGS = YES;
				SWIFT_UPCOMING_FEATURE_MEMBER_IMPORT_VISIBILITY = YES;
				SWIFT_VERSION = 5.0;
				TARGETED_DEVICE_FAMILY = "1,2";
			};
			name = Debug;
		};
		216EB3E62F3CF6AA00A54ED1 /* Release */ = {
			isa = XCBuildConfiguration;
			buildSettings = {
				ASSETCATALOG_COMPILER_APPICON_NAME = AppIcon;
				ASSETCATALOG_COMPILER_GLOBAL_ACCENT_COLOR_NAME = AccentColor;
				CODE_SIGN_STYLE = Automatic;
				CURRENT_PROJECT_VERSION = 1;
				ENABLE_PREVIEWS = YES;
				GENERATE_INFOPLIST_FILE = YES;
				INFOPLIST_KEY_UIApplicationSceneManifest_Generation = YES;
				INFOPLIST_KEY_UIApplicationSupportsIndirectInputEvents = YES;
				INFOPLIST_KEY_UILaunchScreen_Generation = YES;
				INFOPLIST_KEY_UISupportedInterfaceOrientations_iPad = "UIInterfaceOrientationPortrait UIInterfaceOrientationPortraitUpsideDown UIInterfaceOrientationLandscapeLeft UIInterfaceOrientationLandscapeRight";
				INFOPLIST_KEY_UISupportedInterfaceOrientations_iPhone = "UIInterfaceOrientationPortrait UIInterfaceOrientationLandscapeLeft UIInterfaceOrientationLandscapeRight";
				LD_RUNPATH_SEARCH_PATHS = (
					"$(inherited)",
					"@executable_path/Frameworks",
				);
				MARKETING_VERSION = 1.0;
				PRODUCT_BUNDLE_IDENTIFIER = com.Alizhka.MultiverseWiki;
				PRODUCT_NAME = "$(TARGET_NAME)";
				STRING_CATALOG_GENERATE_SYMBOLS = YES;
				SWIFT_APPROACHABLE_CONCURRENCY = YES;
				SWIFT_DEFAULT_ACTOR_ISOLATION = MainActor;
				SWIFT_EMIT_LOC_STRINGS = YES;
				SWIFT_UPCOMING_FEATURE_MEMBER_IMPORT_VISIBILITY = YES;
				SWIFT_VERSION = 5.0;
				TARGETED_DEVICE_FAMILY = "1,2";
			};
			name = Release;
		};
		216EB3E82F3CF6AA00A54ED1 /* Debug */ = {
			isa = XCBuildConfiguration;
			buildSettings = {
				BUNDLE_LOADER = "$(TEST_HOST)";
				CODE_SIGN_STYLE = Automatic;
				CURRENT_PROJECT_VERSION = 1;
				GENERATE_INFOPLIST_FILE = YES;
				IPHONEOS_DEPLOYMENT_TARGET = 26.2;
				MARKETING_VERSION = 1.0;
				PRODUCT_BUNDLE_IDENTIFIER = com.Alizhka.MultiverseWikiTests;
				PRODUCT_NAME = "$(TARGET_NAME)";
				STRING_CATALOG_GENERATE_SYMBOLS = NO;
				SWIFT_APPROACHABLE_CONCURRENCY = YES;
				SWIFT_EMIT_LOC_STRINGS = NO;
				SWIFT_UPCOMING_FEATURE_MEMBER_IMPORT_VISIBILITY = YES;
				SWIFT_VERSION = 5.0;
				TARGETED_DEVICE_FAMILY = "1,2";
				TEST_HOST = "$(BUILT_PRODUCTS_DIR)/MultiverseWiki.app/$(BUNDLE_EXECUTABLE_FOLDER_PATH)/MultiverseWiki";
			};
			name = Debug;
		};
		216EB3E92F3CF6AA00A54ED1 /* Release */ = {
			isa = XCBuildConfiguration;
			buildSettings = {
				BUNDLE_LOADER = "$(TEST_HOST)";
				CODE_SIGN_STYLE = Automatic;
				CURRENT_PROJECT_VERSION = 1;
				GENERATE_INFOPLIST_FILE = YES;
				IPHONEOS_DEPLOYMENT_TARGET = 26.2;
				MARKETING_VERSION = 1.0;
				PRODUCT_BUNDLE_IDENTIFIER = com.Alizhka.MultiverseWikiTests;
				PRODUCT_NAME = "$(TARGET_NAME)";
				STRING_CATALOG_GENERATE_SYMBOLS = NO;
				SWIFT_APPROACHABLE_CONCURRENCY = YES;
				SWIFT_EMIT_LOC_STRINGS = NO;
				SWIFT_UPCOMING_FEATURE_MEMBER_IMPORT_VISIBILITY = YES;
				SWIFT_VERSION = 5.0;
				TARGETED_DEVICE_FAMILY = "1,2";
				TEST_HOST = "$(BUILT_PRODUCTS_DIR)/MultiverseWiki.app/$(BUNDLE_EXECUTABLE_FOLDER_PATH)/MultiverseWiki";
			};
			name = Release;
		};
		216EB3EB2F3CF6AA00A54ED1 /* Debug */ = {
			isa = XCBuildConfiguration;
			buildSettings = {
				CODE_SIGN_STYLE = Automatic;
				CURRENT_PROJECT_VERSION = 1;
				GENERATE_INFOPLIST_FILE = YES;
				MARKETING_VERSION = 1.0;
				PRODUCT_BUNDLE_IDENTIFIER = com.Alizhka.MultiverseWikiUITests;
				PRODUCT_NAME = "$(TARGET_NAME)";
				STRING_CATALOG_GENERATE_SYMBOLS = NO;
				SWIFT_APPROACHABLE_CONCURRENCY = YES;
				SWIFT_EMIT_LOC_STRINGS = NO;
				SWIFT_UPCOMING_FEATURE_MEMBER_IMPORT_VISIBILITY = YES;
				SWIFT_VERSION = 5.0;
				TARGETED_DEVICE_FAMILY = "1,2";
				TEST_TARGET_NAME = MultiverseWiki;
			};
			name = Debug;
		};
		216EB3EC2F3CF6AA00A54ED1 /* Release */ = {
			isa = XCBuildConfiguration;
			buildSettings = {
				CODE_SIGN_STYLE = Automatic;
				CURRENT_PROJECT_VERSION = 1;
				GENERATE_INFOPLIST_FILE = YES;
				MARKETING_VERSION = 1.0;
				PRODUCT_BUNDLE_IDENTIFIER = com.Alizhka.MultiverseWikiUITests;
				PRODUCT_NAME = "$(TARGET_NAME)";
				STRING_CATALOG_GENERATE_SYMBOLS = NO;
				SWIFT_APPROACHABLE_CONCURRENCY = YES;
				SWIFT_EMIT_LOC_STRINGS = NO;
				SWIFT_UPCOMING_FEATURE_MEMBER_IMPORT_VISIBILITY = YES;
				SWIFT_VERSION = 5.0;
				TARGETED_DEVICE_FAMILY = "1,2";
				TEST_TARGET_NAME = MultiverseWiki;
			};
			name = Release;
		};
/* End XCBuildConfiguration section */

/* Begin XCConfigurationList section */
		216EB3BE2F3CF6A700A54ED1 /* Build configuration list for PBXProject "MultiverseWiki" */ = {
			isa = XCConfigurationList;
			buildConfigurations = (
				216EB3E22F3CF6AA00A54ED1 /* Debug */,
				216EB3E32F3CF6AA00A54ED1 /* Release */,
			);
			defaultConfigurationIsVisible = 0;
			defaultConfigurationName = Release;
		};
		216EB3E42F3CF6AA00A54ED1 /* Build configuration list for PBXNativeTarget "MultiverseWiki" */ = {
			isa = XCConfigurationList;
			buildConfigurations = (
				216EB3E52F3CF6AA00A54ED1 /* Debug */,
				216EB3E62F3CF6AA00A54ED1 /* Release */,
			);
			defaultConfigurationIsVisible = 0;
			defaultConfigurationName = Release;
		};
		216EB3E72F3CF6AA00A54ED1 /* Build configuration list for PBXNativeTarget "MultiverseWikiTests" */ = {
			isa = XCConfigurationList;
			buildConfigurations = (
				216EB3E82F3CF6AA00A54ED1 /* Debug */,
				216EB3E92F3CF6AA00A54ED1 /* Release */,
			);
			defaultConfigurationIsVisible = 0;
			defaultConfigurationName = Release;
		};
		216EB3EA2F3CF6AA00A54ED1 /* Build configuration list for PBXNativeTarget "MultiverseWikiUITests" */ = {
			isa = XCConfigurationList;
			buildConfigurations = (
				216EB3EB2F3CF6AA00A54ED1 /* Debug */,
				216EB3EC2F3CF6AA00A54ED1 /* Release */,
			);
			defaultConfigurationIsVisible = 0;
			defaultConfigurationName = Release;
		};
/* End XCConfigurationList section */

/* Begin XCRemoteSwiftPackageReference section */
		21F32A2D2F3D19700074BDF3 /* XCRemoteSwiftPackageReference "firebase-ios-sdk" */ = {
			isa = XCRemoteSwiftPackageReference;
			repositoryURL = "https://github.com/firebase/firebase-ios-sdk";
			requirement = {
				kind = upToNextMajorVersion;
				minimumVersion = 12.9.0;
			};
		};
/* End XCRemoteSwiftPackageReference section */

/* Begin XCSwiftPackageProductDependency section */
		21F32A2F2F3D1A7C0074BDF3 /* FirebaseAuth */ = {
			isa = XCSwiftPackageProductDependency;
			package = 21F32A2D2F3D19700074BDF3 /* XCRemoteSwiftPackageReference "firebase-ios-sdk" */;
			productName = FirebaseAuth;
		};
		21F32A312F3D1A850074BDF3 /* FirebaseCore */ = {
			isa = XCSwiftPackageProductDependency;
			package = 21F32A2D2F3D19700074BDF3 /* XCRemoteSwiftPackageReference "firebase-ios-sdk" */;
			productName = FirebaseCore;
		};
/* End XCSwiftPackageProductDependency section */

/* Begin XCVersionGroup section */
		21F32A222F3CFDB10074BDF3 /* MultiverseData.xcdatamodeld */ = {
			isa = XCVersionGroup;
			children = (
				21F32A232F3CFDB10074BDF3 /* MultiverseData.xcdatamodel */,
			);
			currentVersion = 21F32A232F3CFDB10074BDF3 /* MultiverseData.xcdatamodel */;
			path = MultiverseData.xcdatamodeld;
			sourceTree = "<group>";
			versionGroupType = wrapper.xcdatamodel;
		};
/* End XCVersionGroup section */
	};
	rootObject = 216EB3BB2F3CF6A700A54ED1 /* Project object */;
}
